// !$*UTF8*$!
{
	archiveVersion = 1;
	classes = {
	};
	objectVersion = 48;
	objects = {

/* Begin PBXBuildFile section */
		C4192A1A21A242940066B75E /* ColorPalette.swift in Sources */ = {isa = PBXBuildFile; fileRef = C4192A1921A242940066B75E /* ColorPalette.swift */; };
		C45599E721A0779300055DFB /* AppDelegate.swift in Sources */ = {isa = PBXBuildFile; fileRef = C45599E621A0779300055DFB /* AppDelegate.swift */; };
		C45599E921A0779300055DFB /* ViewController.swift in Sources */ = {isa = PBXBuildFile; fileRef = C45599E821A0779300055DFB /* ViewController.swift */; };
		C45599EC21A0779300055DFB /* Main.storyboard in Resources */ = {isa = PBXBuildFile; fileRef = C45599EA21A0779300055DFB /* Main.storyboard */; };
		C45599EF21A0779300055DFB /* Draawa.xcdatamodeld in Sources */ = {isa = PBXBuildFile; fileRef = C45599ED21A0779300055DFB /* Draawa.xcdatamodeld */; };
		C45599F121A0779300055DFB /* Assets.xcassets in Resources */ = {isa = PBXBuildFile; fileRef = C45599F021A0779300055DFB /* Assets.xcassets */; };
		C45599F421A0779300055DFB /* LaunchScreen.storyboard in Resources */ = {isa = PBXBuildFile; fileRef = C45599F221A0779300055DFB /* LaunchScreen.storyboard */; };
		C45599FC21A079F400055DFB /* DraawaView.swift in Sources */ = {isa = PBXBuildFile; fileRef = C45599FB21A079F400055DFB /* DraawaView.swift */; };
/* End PBXBuildFile section */

/* Begin PBXFileReference section */
		C4192A1921A242940066B75E /* ColorPalette.swift */ = {isa = PBXFileReference; lastKnownFileType = sourcecode.swift; path = ColorPalette.swift; sourceTree = "<group>"; };
		C45599E321A0779300055DFB /* Draawa.app */ = {isa = PBXFileReference; explicitFileType = wrapper.application; includeInIndex = 0; path = Draawa.app; sourceTree = BUILT_PRODUCTS_DIR; };
		C45599E621A0779300055DFB /* AppDelegate.swift */ = {isa = PBXFileReference; lastKnownFileType = sourcecode.swift; path = AppDelegate.swift; sourceTree = "<group>"; };
		C45599E821A0779300055DFB /* ViewController.swift */ = {isa = PBXFileReference; lastKnownFileType = sourcecode.swift; path = ViewController.swift; sourceTree = "<group>"; };
		C45599EB21A0779300055DFB /* Base */ = {isa = PBXFileReference; lastKnownFileType = file.storyboard; name = Base; path = Base.lproj/Main.storyboard; sourceTree = "<group>"; };
		C45599EE21A0779300055DFB /* Draawa.xcdatamodel */ = {isa = PBXFileReference; lastKnownFileType = wrapper.xcdatamodel; path = Draawa.xcdatamodel; sourceTree = "<group>"; };
		C45599F021A0779300055DFB /* Assets.xcassets */ = {isa = PBXFileReference; lastKnownFileType = folder.assetcatalog; path = Assets.xcassets; sourceTree = "<group>"; };
		C45599F321A0779300055DFB /* Base */ = {isa = PBXFileReference; lastKnownFileType = file.storyboard; name = Base; path = Base.lproj/LaunchScreen.storyboard; sourceTree = "<group>"; };
		C45599F521A0779300055DFB /* Info.plist */ = {isa = PBXFileReference; lastKnownFileType = text.plist.xml; path = Info.plist; sourceTree = "<group>"; };
		C45599FB21A079F400055DFB /* DraawaView.swift */ = {isa = PBXFileReference; lastKnownFileType = sourcecode.swift; path = DraawaView.swift; sourceTree = "<group>"; };
/* End PBXFileReference section */

/* Begin PBXFrameworksBuildPhase section */
		C45599E021A0779300055DFB /* Frameworks */ = {
			isa = PBXFrameworksBuildPhase;
			buildActionMask = 2147483647;
			files = (
			);
			runOnlyForDeploymentPostprocessing = 0;
		};
/* End PBXFrameworksBuildPhase section */

/* Begin PBXGroup section */
		C45599DA21A0779300055DFB = {
			isa = PBXGroup;
			children = (
				C45599E521A0779300055DFB /* Draawa */,
				C45599E421A0779300055DFB /* Products */,
			);
			sourceTree = "<group>";
		};
		C45599E421A0779300055DFB /* Products */ = {
			isa = PBXGroup;
			children = (
				C45599E321A0779300055DFB /* Draawa.app */,
			);
			name = Products;
			sourceTree = "<group>";
		};
		C45599E521A0779300055DFB /* Draawa */ = {
			isa = PBXGroup;
			children = (
				C45599E621A0779300055DFB /* AppDelegate.swift */,
				C45599E821A0779300055DFB /* ViewController.swift */,
				C45599FB21A079F400055DFB /* DraawaView.swift */,
				C45599EA21A0779300055DFB /* Main.storyboard */,
				C45599F021A0779300055DFB /* Assets.xcassets */,
				C45599F221A0779300055DFB /* LaunchScreen.storyboard */,
				C45599F521A0779300055DFB /* Info.plist */,
				C45599ED21A0779300055DFB /* Draawa.xcdatamodeld */,
				C4192A1921A242940066B75E /* ColorPalette.swift */,
			);
			path = Draawa;
			sourceTree = "<group>";
		};
/* End PBXGroup section */

/* Begin PBXNativeTarget section */
		C45599E221A0779300055DFB /* Draawa */ = {
			isa = PBXNativeTarget;
			buildConfigurationList = C45599F821A0779300055DFB /* Build configuration list for PBXNativeTarget "Draawa" */;
			buildPhases = (
				C45599DF21A0779300055DFB /* Sources */,
				C45599E021A0779300055DFB /* Frameworks */,
				C45599E121A0779300055DFB /* Resources */,
			);
			buildRules = (
			);
			dependencies = (
			);
			name = Draawa;
			productName = Draawa;
			productReference = C45599E321A0779300055DFB /* Draawa.app */;
			productType = "com.apple.product-type.application";
		};
/* End PBXNativeTarget section */

/* Begin PBXProject section */
		C45599DB21A0779300055DFB /* Project object */ = {
			isa = PBXProject;
			attributes = {
				LastSwiftUpdateCheck = 0920;
				LastUpgradeCheck = 0920;
				TargetAttributes = {
					C45599E221A0779300055DFB = {
						CreatedOnToolsVersion = 9.2;
						ProvisioningStyle = Automatic;
					};
				};
			};
			buildConfigurationList = C45599DE21A0779300055DFB /* Build configuration list for PBXProject "Draawa" */;
			compatibilityVersion = "Xcode 8.0";
			developmentRegion = en;
			hasScannedForEncodings = 0;
			knownRegions = (
				en,
				Base,
			);
			mainGroup = C45599DA21A0779300055DFB;
			productRefGroup = C45599E421A0779300055DFB /* Products */;
			projectDirPath = "";
			projectRoot = "";
			targets = (
				C45599E221A0779300055DFB /* Draawa */,
			);
		};
/* End PBXProject section */

/* Begin PBXResourcesBuildPhase section */
		C45599E121A0779300055DFB /* Resources */ = {
			isa = PBXResourcesBuildPhase;
			buildActionMask = 2147483647;
			files = (
				C45599F421A0779300055DFB /* LaunchScreen.storyboard in Resources */,
				C45599F121A0779300055DFB /* Assets.xcassets in Resources */,
				C45599EC21A0779300055DFB /* Main.storyboard in Resources */,
			);
			runOnlyForDeploymentPostprocessing = 0;
		};
/* End PBXResourcesBuildPhase section */

/* Begin PBXSourcesBuildPhase section */
		C45599DF21A0779300055DFB /* Sources */ = {
			isa = PBXSourcesBuildPhase;
			buildActionMask = 2147483647;
			files = (
				C45599EF21A0779300055DFB /* Draawa.xcdatamodeld in Sources */,
				C4192A1A21A242940066B75E /* ColorPalette.swift in Sources */,
				C45599E921A0779300055DFB /* ViewController.swift in Sources */,
				C45599FC21A079F400055DFB /* DraawaView.swift in Sources */,
				C45599E721A0779300055DFB /* AppDelegate.swift in Sources */,
			);
			runOnlyForDeploymentPostprocessing = 0;
		};
/* End PBXSourcesBuildPhase section */

/* Begin PBXVariantGroup section */
		C45599EA21A0779300055DFB /* Main.storyboard */ = {
			isa = PBXVariantGroup;
			children = (
				C45599EB21A0779300055DFB /* Base */,
			);
			name = Main.storyboard;
			sourceTree = "<group>";
		};
		C45599F221A0779300055DFB /* LaunchScreen.storyboard */ = {
			isa = PBXVariantGroup;
			children = (
				C45599F321A0779300055DFB /* Base */,
			);
			name = LaunchScreen.storyboard;
			sourceTree = "<group>";
		};
/* End PBXVariantGroup section */

/* Begin XCBuildConfiguration section */
		C45599F621A0779300055DFB /* Debug */ = {
			isa = XCBuildConfiguration;
			buildSettings = {
				ALWAYS_SEARCH_USER_PATHS = NO;
				CLANG_ANALYZER_NONNULL = YES;
				CLANG_ANALYZER_NUMBER_OBJECT_CONVERSION = YES_AGGRESSIVE;
				CLANG_CXX_LANGUAGE_STANDARD = "gnu++14";
				CLANG_CXX_LIBRARY = "libc++";
				CLANG_ENABLE_MODULES = YES;
				CLANG_ENABLE_OBJC_ARC = YES;
				CLANG_WARN_BLOCK_CAPTURE_AUTORELEASING = YES;
				CLANG_WARN_BOOL_CONVERSION = YES;
				CLANG_WARN_COMMA = YES;
				CLANG_WARN_CONSTANT_CONVERSION = YES;
				CLANG_WARN_DIRECT_OBJC_ISA_USAGE = YES_ERROR;
				CLANG_WARN_DOCUMENTATION_COMMENTS = YES;
				CLANG_WARN_EMPTY_BODY = YES;
				CLANG_WARN_ENUM_CONVERSION = YES;
				CLANG_WARN_INFINITE_RECURSION = YES;
				CLANG_WARN_INT_CONVERSION = YES;
				CLANG_WARN_NON_LITERAL_NULL_CONVERSION = YES;
				CLANG_WARN_OBJC_LITERAL_CONVERSION = YES;
				CLANG_WARN_OBJC_ROOT_CLASS = YES_ERROR;
				CLANG_WARN_RANGE_LOOP_ANALYSIS = YES;
				CLANG_WARN_STRICT_PROTOTYPES = YES;
				CLANG_WARN_SUSPICIOUS_MOVE = YES;
				CLANG_WARN_UNGUARDED_AVAILABILITY = YES_AGGRESSIVE;
				CLANG_WARN_UNREACHABLE_CODE = YES;
				CLANG_WARN__DUPLICATE_METHOD_MATCH = YES;
				CODE_SIGN_IDENTITY = "iPhone Developer";
				COPY_PHASE_STRIP = NO;
				DEBUG_INFORMATION_FORMAT = dwarf;
				ENABLE_STRICT_OBJC_MSGSEND = YES;
				ENABLE_TESTABILITY = YES;
				GCC_C_LANGUAGE_STANDARD = gnu11;
				GCC_DYNAMIC_NO_PIC = NO;
				GCC_NO_COMMON_BLOCKS = YES;
				GCC_OPTIMIZATION_LEVEL = 0;
				GCC_PREPROCESSOR_DEFINITIONS = (
					"DEBUG=1",
					"$(inherited)",
				);
				GCC_WARN_64_TO_32_BIT_CONVERSION = YES;
				GCC_WARN_ABOUT_RETURN_TYPE = YES_ERROR;
				GCC_WARN_UNDECLARED_SELECTOR = YES;
				GCC_WARN_UNINITIALIZED_AUTOS = YES_AGGRESSIVE;
				GCC_WARN_UNUSED_FUNCTION = YES;
				GCC_WARN_UNUSED_VARIABLE = YES;
				IPHONEOS_DEPLOYMENT_TARGET = 11.2;
				MTL_ENABLE_DEBUG_INFO = YES;
				ONLY_ACTIVE_ARCH = YES;
				SDKROOT = iphoneos;
				SWIFT_ACTIVE_COMPILATION_CONDITIONS = DEBUG;
				SWIFT_OPTIMIZATION_LEVEL = "-Onone";
			};
			name = Debug;
		};
		C45599F721A0779300055DFB /* Release */ = {
			isa = XCBuildConfiguration;
			buildSettings = {
				ALWAYS_SEARCH_USER_PATHS = NO;
				CLANG_ANALYZER_NONNULL = YES;
				CLANG_ANALYZER_NUMBER_OBJECT_CONVERSION = YES_AGGRESSIVE;
				CLANG_CXX_LANGUAGE_STANDARD = "gnu++14";
				CLANG_CXX_LIBRARY = "libc++";
				CLANG_ENABLE_MODULES = YES;
				CLANG_ENABLE_OBJC_ARC = YES;
				CLANG_WARN_BLOCK_CAPTURE_AUTORELEASING = YES;
				CLANG_WARN_BOOL_CONVERSION = YES;
				CLANG_WARN_COMMA = YES;
				CLANG_WARN_CONSTANT_CONVERSION = YES;
				CLANG_WARN_DIRECT_OBJC_ISA_USAGE = YES_ERROR;
				CLANG_WARN_DOCUMENTATION_COMMENTS = YES;
				CLANG_WARN_EMPTY_BODY = YES;
				CLANG_WARN_ENUM_CONVERSION = YES;
				CLANG_WARN_INFINITE_RECURSION = YES;
				CLANG_WARN_INT_CONVERSION = YES;
				CLANG_WARN_NON_LITERAL_NULL_CONVERSION = YES;
				CLANG_WARN_OBJC_LITERAL_CONVERSION = YES;
				CLANG_WARN_OBJC_ROOT_CLASS = YES_ERROR;
				CLANG_WARN_RANGE_LOOP_ANALYSIS = YES;
				CLANG_WARN_STRICT_PROTOTYPES = YES;
				CLANG_WARN_SUSPICIOUS_MOVE = YES;
				CLANG_WARN_UNGUARDED_AVAILABILITY = YES_AGGRESSIVE;
				CLANG_WARN_UNREACHABLE_CODE = YES;
				CLANG_WARN__DUPLICATE_METHOD_MATCH = YES;
				CODE_SIGN_IDENTITY = "iPhone Developer";
				COPY_PHASE_STRIP = NO;
				DEBUG_INFORMATION_FORMAT = "dwarf-with-dsym";
				ENABLE_NS_ASSERTIONS = NO;
				ENABLE_STRICT_OBJC_MSGSEND = YES;
				GCC_C_LANGUAGE_STANDARD = gnu11;
				GCC_NO_COMMON_BLOCKS = YES;
				GCC_WARN_64_TO_32_BIT_CONVERSION = YES;
				GCC_WARN_ABOUT_RETURN_TYPE = YES_ERROR;
				GCC_WARN_UNDECLARED_SELECTOR = YES;
				GCC_WARN_UNINITIALIZED_AUTOS = YES_AGGRESSIVE;
				GCC_WARN_UNUSED_FUNCTION = YES;
				GCC_WARN_UNUSED_VARIABLE = YES;
				IPHONEOS_DEPLOYMENT_TARGET = 11.2;
				MTL_ENABLE_DEBUG_INFO = NO;
				SDKROOT = iphoneos;
				SWIFT_OPTIMIZATION_LEVEL = "-Owholemodule";
				VALIDATE_PRODUCT = YES;
			};
			name = Release;
		};
		C45599F921A0779300055DFB /* Debug */ = {
			isa = XCBuildConfiguration;
			buildSettings = {
				ASSETCATALOG_COMPILER_APPICON_NAME = AppIcon;
				CODE_SIGN_STYLE = Automatic;
				DEVELOPMENT_TEAM = BDVAQUWX8W;
				INFOPLIST_FILE = Draawa/Info.plist;
				LD_RUNPATH_SEARCH_PATHS = "$(inherited) @executable_path/Frameworks";
				PRODUCT_BUNDLE_IDENTIFIER = com.tubaabbasi.Draawa;
				PRODUCT_NAME = "$(TARGET_NAME)";
				SWIFT_VERSION = 4.0;
				TARGETED_DEVICE_FAMILY = "1,2";
			};
			name = Debug;
		};
		C45599FA21A0779300055DFB /* Release */ = {
			isa = XCBuildConfiguration;
			buildSettings = {
				ASSETCATALOG_COMPILER_APPICON_NAME = AppIcon;
				CODE_SIGN_STYLE = Automatic;
				DEVELOPMENT_TEAM = BDVAQUWX8W;
				INFOPLIST_FILE = Draawa/Info.plist;
				LD_RUNPATH_SEARCH_PATHS = "$(inherited) @executable_path/Frameworks";
				PRODUCT_BUNDLE_IDENTIFIER = com.tubaabbasi.Draawa;
				PRODUCT_NAME = "$(TARGET_NAME)";
				SWIFT_VERSION = 4.0;
				TARGETED_DEVICE_FAMILY = "1,2";
			};
			name = Release;
		};
/* End XCBuildConfiguration section */

/* Begin XCConfigurationList section */
		C45599DE21A0779300055DFB /* Build configuration list for PBXProject "Draawa" */ = {
			isa = XCConfigurationList;
			buildConfigurations = (
				C45599F621A0779300055DFB /* Debug */,
				C45599F721A0779300055DFB /* Release */,
			);
			defaultConfigurationIsVisible = 0;
			defaultConfigurationName = Release;
		};
		C45599F821A0779300055DFB /* Build configuration list for PBXNativeTarget "Draawa" */ = {
			isa = XCConfigurationList;
			buildConfigurations = (
				C45599F921A0779300055DFB /* Debug */,
				C45599FA21A0779300055DFB /* Release */,
			);
			defaultConfigurationIsVisible = 0;
			defaultConfigurationName = Release;
		};
/* End XCConfigurationList section */

/* Begin XCVersionGroup section */
		C45599ED21A0779300055DFB /* Draawa.xcdatamodeld */ = {
			isa = XCVersionGroup;
			children = (
				C45599EE21A0779300055DFB /* Draawa.xcdatamodel */,
			);
			currentVersion = C45599EE21A0779300055DFB /* Draawa.xcdatamodel */;
			path = Draawa.xcdatamodeld;
			sourceTree = "<group>";
			versionGroupType = wrapper.xcdatamodel;
		};
/* End XCVersionGroup section */
	};
	rootObject = C45599DB21A0779300055DFB /* Project object */;
}
